Microsoft Visual Studio Solution File, Format Version 12.00
# Visual Studio Version 17
VisualStudioVersion = 17.5.2.0
MinimumVisualStudioVersion = 10.0.40219.1
Project("{FAE04EC0-301F-11D3-BF4B-00C04F79EFBC}") = "ObservableValue.Tests", "ObservableValue.Tests.csproj", "{C8D113BB-1659-7970-D696-8E2C371EA96F}"
EndProject
Global
	GlobalSection(SolutionConfigurationPlatforms) = preSolution
		Debug|Any CPU = Debug|Any CPU
		Release|Any CPU = Release|Any CPU
	EndGlobalSection
	GlobalSection(ProjectConfigurationPlatforms) = postSolution
		{C8D113BB-1659-7970-D696-8E2C371EA96F}.Debug|Any CPU.ActiveCfg = Debug|Any CPU
		{C8D113BB-1659-7970-D696-8E2C371EA96F}.Debug|Any CPU.Build.0 = Debug|Any CPU
		{C8D113BB-1659-7970-D696-8E2C371EA96F}.Release|Any CPU.ActiveCfg = Release|Any CPU
		{C8D113BB-1659-7970-D696-8E2C371EA96F}.Release|Any CPU.Build.0 = Release|Any CPU
	EndGlobalSection
	GlobalSection(SolutionProperties) = preSolution
		HideSolutionNode = FALSE
	EndGlobalSection
	GlobalSection(ExtensibilityGlobals) = postSolution
		SolutionGuid = {2970258A-AAB9-404D-8606-9B34A5BB3A37}
	EndGlobalSection
EndGlobal
